// !$*UTF8*$!
{
	archiveVersion = 1;
	classes = {
	};
	objectVersion = 46;
	objects = {

/* Begin PBXBuildFile section */
		B34A6B0C1DE0D7C900971DAD /* main.m in Sources */ = {isa = PBXBuildFile; fileRef = B34A6B0B1DE0D7C900971DAD /* main.m */; };
		B34A6B0F1DE0D7C900971DAD /* AppDelegate.m in Sources */ = {isa = PBXBuildFile; fileRef = B34A6B0E1DE0D7C900971DAD /* AppDelegate.m */; };
		B34A6B121DE0D7C900971DAD /* ViewController.m in Sources */ = {isa = PBXBuildFile; fileRef = B34A6B111DE0D7C900971DAD /* ViewController.m */; };
		B34A6B151DE0D7CA00971DAD /* Main.storyboard in Resources */ = {isa = PBXBuildFile; fileRef = B34A6B131DE0D7CA00971DAD /* Main.storyboard */; };
		B34A6B171DE0D7CA00971DAD /* Assets.xcassets in Resources */ = {isa = PBXBuildFile; fileRef = B34A6B161DE0D7CA00971DAD /* Assets.xcassets */; };
		B34A6B1A1DE0D7CA00971DAD /* LaunchScreen.storyboard in Resources */ = {isa = PBXBuildFile; fileRef = B34A6B181DE0D7CA00971DAD /* LaunchScreen.storyboard */; };
/* End PBXBuildFile section */

/* Begin PBXFileReference section */
		B34A6B071DE0D7C900971DAD /* ObjC2lesson1.app */ = {isa = PBXFileReference; explicitFileType = wrapper.application; includeInIndex = 0; path = ObjC2lesson1.app; sourceTree = BUILT_PRODUCTS_DIR; };
		B34A6B0B1DE0D7C900971DAD /* main.m */ = {isa = PBXFileReference; lastKnownFileType = sourcecode.c.objc; path = main.m; sourceTree = "<group>"; };
		B34A6B0D1DE0D7C900971DAD /* AppDelegate.h */ = {isa = PBXFileReference; lastKnownFileType = sourcecode.c.h; path = AppDelegate.h; sourceTree = "<group>"; };
		B34A6B0E1DE0D7C900971DAD /* AppDelegate.m */ = {isa = PBXFileReference; lastKnownFileType = sourcecode.c.objc; path = AppDelegate.m; sourceTree = "<group>"; };
		B34A6B101DE0D7C900971DAD /* ViewController.h */ = {isa = PBXFileReference; lastKnownFileType = sourcecode.c.h; path = ViewController.h; sourceTree = "<group>"; };
		B34A6B111DE0D7C900971DAD /* ViewController.m */ = {isa = PBXFileReference; lastKnownFileType = sourcecode.c.objc; path = ViewController.m; sourceTree = "<group>"; };
		B34A6B141DE0D7CA00971DAD /* Base */ = {isa = PBXFileReference; lastKnownFileType = file.storyboard; name = Base; path = Base.lproj/Main.storyboard; sourceTree = "<group>"; };
		B34A6B161DE0D7CA00971DAD /* Assets.xcassets */ = {isa = PBXFileReference; lastKnownFileType = folder.assetcatalog; path = Assets.xcassets; sourceTree = "<group>"; };
		B34A6B191DE0D7CA00971DAD /* Base */ = {isa = PBXFileReference; lastKnownFileType = file.storyboard; name = Base; path = Base.lproj/LaunchScreen.storyboard; sourceTree = "<group>"; };
		B34A6B1B1DE0D7CA00971DAD /* Info.plist */ = {isa = PBXFileReference; lastKnownFileType = text.plist.xml; path = Info.plist; sourceTree = "<group>"; };
/* End PBXFileReference section */

/* Begin PBXFrameworksBuildPhase section */
		B34A6B041DE0D7C900971DAD /* Frameworks */ = {
			isa = PBXFrameworksBuildPhase;
			buildActionMask = 2147483647;
			files = (
			);
			runOnlyForDeploymentPostprocessing = 0;
		};
/* End PBXFrameworksBuildPhase section */

/* Begin PBXGroup section */
		B34A6AFE1DE0D7C800971DAD = {
			isa = PBXGroup;
			children = (
				B34A6B091DE0D7C900971DAD /* ObjC2lesson1 */,
				B34A6B081DE0D7C900971DAD /* Products */,
			);
			sourceTree = "<group>";
		};
		B34A6B081DE0D7C900971DAD /* Products */ = {
			isa = PBXGroup;
			children = (
				B34A6B071DE0D7C900971DAD /* ObjC2lesson1.app */,
			);
			name = Products;
			sourceTree = "<group>";
		};
		B34A6B091DE0D7C900971DAD /* ObjC2lesson1 */ = {
			isa = PBXGroup;
			children = (
				B34A6B0D1DE0D7C900971DAD /* AppDelegate.h */,
				B34A6B0E1DE0D7C900971DAD /* AppDelegate.m */,
				B34A6B101DE0D7C900971DAD /* ViewController.h */,
				B34A6B111DE0D7C900971DAD /* ViewController.m */,
				B34A6B131DE0D7CA00971DAD /* Main.storyboard */,
				B34A6B161DE0D7CA00971DAD /* Assets.xcassets */,
				B34A6B181DE0D7CA00971DAD /* LaunchScreen.storyboard */,
				B34A6B1B1DE0D7CA00971DAD /* Info.plist */,
				B34A6B0A1DE0D7C900971DAD /* Supporting Files */,
			);
			path = ObjC2lesson1;
			sourceTree = "<group>";
		};
		B34A6B0A1DE0D7C900971DAD /* Supporting Files */ = {
			isa = PBXGroup;
			children = (
				B34A6B0B1DE0D7C900971DAD /* main.m */,
			);
			name = "Supporting Files";
			sourceTree = "<group>";
		};
/* End PBXGroup section */

/* Begin PBXNativeTarget section */
		B34A6B061DE0D7C900971DAD /* ObjC2lesson1 */ = {
			isa = PBXNativeTarget;
			buildConfigurationList = B34A6B1E1DE0D7CA00971DAD /* Build configuration list for PBXNativeTarget "ObjC2lesson1" */;
			buildPhases = (
				B34A6B031DE0D7C900971DAD /* Sources */,
				B34A6B041DE0D7C900971DAD /* Frameworks */,
				B34A6B051DE0D7C900971DAD /* Resources */,
			);
			buildRules = (
			);
			dependencies = (
			);
			name = ObjC2lesson1;
			productName = ObjC2lesson1;
			productReference = B34A6B071DE0D7C900971DAD /* ObjC2lesson1.app */;
			productType = "com.apple.product-type.application";
		};
/* End PBXNativeTarget section */

/* Begin PBXProject section */
		B34A6AFF1DE0D7C800971DAD /* Project object */ = {
			isa = PBXProject;
			attributes = {
				LastUpgradeCheck = 0800;
				ORGANIZATIONNAME = "Ex Five";
				TargetAttributes = {
					B34A6B061DE0D7C900971DAD = {
						CreatedOnToolsVersion = 8.0;
						DevelopmentTeam = 866K3Z9GL8;
						ProvisioningStyle = Automatic;
					};
				};
			};
			buildConfigurationList = B34A6B021DE0D7C800971DAD /* Build configuration list for PBXProject "ObjC2lesson1" */;
			compatibilityVersion = "Xcode 3.2";
			developmentRegion = English;
			hasScannedForEncodings = 0;
			knownRegions = (
				en,
				Base,
			);
			mainGroup = B34A6AFE1DE0D7C800971DAD;
			productRefGroup = B34A6B081DE0D7C900971DAD /* Products */;
			projectDirPath = "";
			projectRoot = "";
			targets = (
				B34A6B061DE0D7C900971DAD /* ObjC2lesson1 */,
			);
		};
/* End PBXProject section */

/* Begin PBXResourcesBuildPhase section */
		B34A6B051DE0D7C900971DAD /* Resources */ = {
			isa = PBXResourcesBuildPhase;
			buildActionMask = 2147483647;
			files = (
				B34A6B1A1DE0D7CA00971DAD /* LaunchScreen.storyboard in Resources */,
				B34A6B171DE0D7CA00971DAD /* Assets.xcassets in Resources */,
				B34A6B151DE0D7CA00971DAD /* Main.storyboard in Resources */,
			);
			runOnlyForDeploymentPostprocessing = 0;
		};
/* End PBXResourcesBuildPhase section */

/* Begin PBXSourcesBuildPhase section */
		B34A6B031DE0D7C900971DAD /* Sources */ = {
			isa = PBXSourcesBuildPhase;
			buildActionMask = 2147483647;
			files = (
				B34A6B121DE0D7C900971DAD /* ViewController.m in Sources */,
				B34A6B0F1DE0D7C900971DAD /* AppDelegate.m in Sources */,
				B34A6B0C1DE0D7C900971DAD /* main.m in Sources */,
			);
			runOnlyForDeploymentPostprocessing = 0;
		};
/* End PBXSourcesBuildPhase section */

/* Begin PBXVariantGroup section */
		B34A6B131DE0D7CA00971DAD /* Main.storyboard */ = {
			isa = PBXVariantGroup;
			children = (
				B34A6B141DE0D7CA00971DAD /* Base */,
			);
			name = Main.storyboard;
			sourceTree = "<group>";
		};
		B34A6B181DE0D7CA00971DAD /* LaunchScreen.storyboard */ = {
			isa = PBXVariantGroup;
			children = (
				B34A6B191DE0D7CA00971DAD /* Base */,
			);
			name = LaunchScreen.storyboard;
			sourceTree = "<group>";
		};
/* End PBXVariantGroup section */

/* Begin XCBuildConfiguration section */
		B34A6B1C1DE0D7CA00971DAD /* Debug */ = {
			isa = XCBuildConfiguration;
			buildSettings = {
				ALWAYS_SEARCH_USER_PATHS = NO;
				CLANG_ANALYZER_NONNULL = YES;
				CLANG_CXX_LANGUAGE_STANDARD = "gnu++0x";
				CLANG_CXX_LIBRARY = "libc++";
				CLANG_ENABLE_MODULES = YES;
				CLANG_ENABLE_OBJC_ARC = YES;
				CLANG_WARN_BOOL_CONVERSION = YES;
				CLANG_WARN_CONSTANT_CONVERSION = YES;
				CLANG_WARN_DIRECT_OBJC_ISA_USAGE = YES_ERROR;
				CLANG_WARN_DOCUMENTATION_COMMENTS = YES;
				CLANG_WARN_EMPTY_BODY = YES;
				CLANG_WARN_ENUM_CONVERSION = YES;
				CLANG_WARN_INFINITE_RECURSION = YES;
				CLANG_WARN_INT_CONVERSION = YES;
				CLANG_WARN_OBJC_ROOT_CLASS = YES_ERROR;
				CLANG_WARN_SUSPICIOUS_MOVES = YES;
				CLANG_WARN_UNREACHABLE_CODE = YES;
				CLANG_WARN__DUPLICATE_METHOD_MATCH = YES;
				"CODE_SIGN_IDENTITY[sdk=iphoneos*]" = "iPhone Developer";
				COPY_PHASE_STRIP = NO;
				DEBUG_INFORMATION_FORMAT = dwarf;
				ENABLE_STRICT_OBJC_MSGSEND = YES;
				ENABLE_TESTABILITY = YES;
				GCC_C_LANGUAGE_STANDARD = gnu99;
				GCC_DYNAMIC_NO_PIC = NO;
				GCC_NO_COMMON_BLOCKS = YES;
				GCC_OPTIMIZATION_LEVEL = 0;
				GCC_PREPROCESSOR_DEFINITIONS = (
					"DEBUG=1",
					"$(inherited)",
				);
				GCC_WARN_64_TO_32_BIT_CONVERSION = YES;
				GCC_WARN_ABOUT_RETURN_TYPE = YES_ERROR;
				GCC_WARN_UNDECLARED_SELECTOR = YES;
				GCC_WARN_UNINITIALIZED_AUTOS = YES_AGGRESSIVE;
				GCC_WARN_UNUSED_FUNCTION = YES;
				GCC_WARN_UNUSED_VARIABLE = YES;
				IPHONEOS_DEPLOYMENT_TARGET = 10.0;
				MTL_ENABLE_DEBUG_INFO = YES;
				ONLY_ACTIVE_ARCH = YES;
				SDKROOT = iphoneos;
				TARGETED_DEVICE_FAMILY = "1,2";
			};
			name = Debug;
		};
		B34A6B1D1DE0D7CA00971DAD /* Release */ = {
			isa = XCBuildConfiguration;
			buildSettings = {
				ALWAYS_SEARCH_USER_PATHS = NO;
				CLANG_ANALYZER_NONNULL = YES;
				CLANG_CXX_LANGUAGE_STANDARD = "gnu++0x";
				CLANG_CXX_LIBRARY = "libc++";
				CLANG_ENABLE_MODULES = YES;
				CLANG_ENABLE_OBJC_ARC = YES;
				CLANG_WARN_BOOL_CONVERSION = YES;
				CLANG_WARN_CONSTANT_CONVERSION = YES;
				CLANG_WARN_DIRECT_OBJC_ISA_USAGE = YES_ERROR;
				CLANG_WARN_DOCUMENTATION_COMMENTS = YES;
				CLANG_WARN_EMPTY_BODY = YES;
				CLANG_WARN_ENUM_CONVERSION = YES;
				CLANG_WARN_INFINITE_RECURSION = YES;
				CLANG_WARN_INT_CONVERSION = YES;
				CLANG_WARN_OBJC_ROOT_CLASS = YES_ERROR;
				CLANG_WARN_SUSPICIOUS_MOVES = YES;
				CLANG_WARN_UNREACHABLE_CODE = YES;
				CLANG_WARN__DUPLICATE_METHOD_MATCH = YES;
				"CODE_SIGN_IDENTITY[sdk=iphoneos*]" = "iPhone Developer";
				COPY_PHASE_STRIP = NO;
				DEBUG_INFORMATION_FORMAT = "dwarf-with-dsym";
				ENABLE_NS_ASSERTIONS = NO;
				ENABLE_STRICT_OBJC_MSGSEND = YES;
				GCC_C_LANGUAGE_STANDARD = gnu99;
				GCC_NO_COMMON_BLOCKS = YES;
				GCC_WARN_64_TO_32_BIT_CONVERSION = YES;
				GCC_WARN_ABOUT_RETURN_TYPE = YES_ERROR;
				GCC_WARN_UNDECLARED_SELECTOR = YES;
				GCC_WARN_UNINITIALIZED_AUTOS = YES_AGGRESSIVE;
				GCC_WARN_UNUSED_FUNCTION = YES;
				GCC_WARN_UNUSED_VARIABLE = YES;
				IPHONEOS_DEPLOYMENT_TARGET = 10.0;
				MTL_ENABLE_DEBUG_INFO = NO;
				SDKROOT = iphoneos;
				TARGETED_DEVICE_FAMILY = "1,2";
				VALIDATE_PRODUCT = YES;
			};
			name = Release;
		};
		B34A6B1F1DE0D7CA00971DAD /* Debug */ = {
			isa = XCBuildConfiguration;
			buildSettings = {
				ASSETCATALOG_COMPILER_APPICON_NAME = AppIcon;
				DEVELOPMENT_TEAM = 866K3Z9GL8;
				INFOPLIST_FILE = ObjC2lesson1/Info.plist;
				LD_RUNPATH_SEARCH_PATHS = "$(inherited) @executable_path/Frameworks";
				PRODUCT_BUNDLE_IDENTIFIER = NoneYet.ObjC2lesson1;
				PRODUCT_NAME = "$(TARGET_NAME)";
			};
			name = Debug;
		};
		B34A6B201DE0D7CA00971DAD /* Release */ = {
			isa = XCBuildConfiguration;
			buildSettings = {
				ASSETCATALOG_COMPILER_APPICON_NAME = AppIcon;
				DEVELOPMENT_TEAM = 866K3Z9GL8;
				INFOPLIST_FILE = ObjC2lesson1/Info.plist;
				LD_RUNPATH_SEARCH_PATHS = "$(inherited) @executable_path/Frameworks";
				PRODUCT_BUNDLE_IDENTIFIER = NoneYet.ObjC2lesson1;
				PRODUCT_NAME = "$(TARGET_NAME)";
			};
			name = Release;
		};
/* End XCBuildConfiguration section */

/* Begin XCConfigurationList section */
		B34A6B021DE0D7C800971DAD /* Build configuration list for PBXProject "ObjC2lesson1" */ = {
			isa = XCConfigurationList;
			buildConfigurations = (
				B34A6B1C1DE0D7CA00971DAD /* Debug */,
				B34A6B1D1DE0D7CA00971DAD /* Release */,
			);
			defaultConfigurationIsVisible = 0;
			defaultConfigurationName = Release;
		};
		B34A6B1E1DE0D7CA00971DAD /* Build configuration list for PBXNativeTarget "ObjC2lesson1" */ = {
			isa = XCConfigurationList;
			buildConfigurations = (
				B34A6B1F1DE0D7CA00971DAD /* Debug */,
				B34A6B201DE0D7CA00971DAD /* Release */,
			);
			defaultConfigurationIsVisible = 0;
		};
/* End XCConfigurationList section */
	};
	rootObject = B34A6AFF1DE0D7C800971DAD /* Project object */;
}
